
Microsoft Visual Studio Solution File, Format Version 12.00
# Visual Studio 15
VisualStudioVersion = 15.0.28010.2019
MinimumVisualStudioVersion = 10.0.40219.1
Project("{FAE04EC0-301F-11D3-BF4B-00C04F79EFBC}") = "EJ2-2.AcevedoEnsisoPedroGabriel", "EJ2-2.AcevedoEnsisoPedroGabriel\EJ2-2.AcevedoEnsisoPedroGabriel.csproj", "{BD6BBC19-711F-44DA-AAB0-35158D81A537}"
EndProject
Global
	GlobalSection(SolutionConfigurationPlatforms) = preSolution
		Debug|Any CPU = Debug|Any CPU
		Release|Any CPU = Release|Any CPU
	EndGlobalSection
	GlobalSection(ProjectConfigurationPlatforms) = postSolution
		{BD6BBC19-711F-44DA-AAB0-35158D81A537}.Debug|Any CPU.ActiveCfg = Debug|Any CPU
		{BD6BBC19-711F-44DA-AAB0-35158D81A537}.Debug|Any CPU.Build.0 = Debug|Any CPU
		{BD6BBC19-711F-44DA-AAB0-35158D81A537}.Release|Any CPU.ActiveCfg = Release|Any CPU
		{BD6BBC19-711F-44DA-AAB0-35158D81A537}.Release|Any CPU.Build.0 = Release|Any CPU
	EndGlobalSection
	GlobalSection(SolutionProperties) = preSolution
		HideSolutionNode = FALSE
	EndGlobalSection
	GlobalSection(ExtensibilityGlobals) = postSolution
		SolutionGuid = {4A683499-0BB4-4E9C-B32A-9C7B249C0E89}
	EndGlobalSection
EndGlobal
